// !$*UTF8*$!
{
	archiveVersion = 1;
	classes = {
	};
	objectVersion = 46;
	objects = {

/* Begin PBXBuildFile section */
		D7AE37AA1BF3F1E000946D6C /* main.m in Sources */ = {isa = PBXBuildFile; fileRef = D7AE37A91BF3F1E000946D6C /* main.m */; };
		D7AE37AD1BF3F1E000946D6C /* AppDelegate.m in Sources */ = {isa = PBXBuildFile; fileRef = D7AE37AC1BF3F1E000946D6C /* AppDelegate.m */; };
		D7AE37B51BF3F1E000946D6C /* Assets.xcassets in Resources */ = {isa = PBXBuildFile; fileRef = D7AE37B41BF3F1E000946D6C /* Assets.xcassets */; };
		D7AE37B81BF3F1E000946D6C /* LaunchScreen.storyboard in Resources */ = {isa = PBXBuildFile; fileRef = D7AE37B61BF3F1E000946D6C /* LaunchScreen.storyboard */; };
		D7AE37C21BF3F2B000946D6C /* FirstViewController.m in Sources */ = {isa = PBXBuildFile; fileRef = D7AE37C01BF3F2B000946D6C /* FirstViewController.m */; };
		D7AE37C31BF3F2B000946D6C /* FirstViewController.xib in Resources */ = {isa = PBXBuildFile; fileRef = D7AE37C11BF3F2B000946D6C /* FirstViewController.xib */; };
		D7AE37C71BF3F31500946D6C /* SecondViewController.m in Sources */ = {isa = PBXBuildFile; fileRef = D7AE37C51BF3F31500946D6C /* SecondViewController.m */; };
		D7AE37C81BF3F31500946D6C /* SecondViewController.xib in Resources */ = {isa = PBXBuildFile; fileRef = D7AE37C61BF3F31500946D6C /* SecondViewController.xib */; };
/* End PBXBuildFile section */

/* Begin PBXFileReference section */
		D7AE37A51BF3F1E000946D6C /* NavigationSample.app */ = {isa = PBXFileReference; explicitFileType = wrapper.application; includeInIndex = 0; path = NavigationSample.app; sourceTree = BUILT_PRODUCTS_DIR; };
		D7AE37A91BF3F1E000946D6C /* main.m */ = {isa = PBXFileReference; lastKnownFileType = sourcecode.c.objc; path = main.m; sourceTree = "<group>"; };
		D7AE37AB1BF3F1E000946D6C /* AppDelegate.h */ = {isa = PBXFileReference; lastKnownFileType = sourcecode.c.h; path = AppDelegate.h; sourceTree = "<group>"; };
		D7AE37AC1BF3F1E000946D6C /* AppDelegate.m */ = {isa = PBXFileReference; lastKnownFileType = sourcecode.c.objc; path = AppDelegate.m; sourceTree = "<group>"; };
		D7AE37B41BF3F1E000946D6C /* Assets.xcassets */ = {isa = PBXFileReference; lastKnownFileType = folder.assetcatalog; path = Assets.xcassets; sourceTree = "<group>"; };
		D7AE37B71BF3F1E000946D6C /* Base */ = {isa = PBXFileReference; lastKnownFileType = file.storyboard; name = Base; path = Base.lproj/LaunchScreen.storyboard; sourceTree = "<group>"; };
		D7AE37B91BF3F1E000946D6C /* Info.plist */ = {isa = PBXFileReference; lastKnownFileType = text.plist.xml; path = Info.plist; sourceTree = "<group>"; };
		D7AE37BF1BF3F2B000946D6C /* FirstViewController.h */ = {isa = PBXFileReference; fileEncoding = 4; lastKnownFileType = sourcecode.c.h; path = FirstViewController.h; sourceTree = "<group>"; };
		D7AE37C01BF3F2B000946D6C /* FirstViewController.m */ = {isa = PBXFileReference; fileEncoding = 4; lastKnownFileType = sourcecode.c.objc; path = FirstViewController.m; sourceTree = "<group>"; };
		D7AE37C11BF3F2B000946D6C /* FirstViewController.xib */ = {isa = PBXFileReference; fileEncoding = 4; lastKnownFileType = file.xib; path = FirstViewController.xib; sourceTree = "<group>"; };
		D7AE37C41BF3F31500946D6C /* SecondViewController.h */ = {isa = PBXFileReference; fileEncoding = 4; lastKnownFileType = sourcecode.c.h; path = SecondViewController.h; sourceTree = "<group>"; };
		D7AE37C51BF3F31500946D6C /* SecondViewController.m */ = {isa = PBXFileReference; fileEncoding = 4; lastKnownFileType = sourcecode.c.objc; path = SecondViewController.m; sourceTree = "<group>"; };
		D7AE37C61BF3F31500946D6C /* SecondViewController.xib */ = {isa = PBXFileReference; fileEncoding = 4; lastKnownFileType = file.xib; path = SecondViewController.xib; sourceTree = "<group>"; };
/* End PBXFileReference section */

/* Begin PBXFrameworksBuildPhase section */
		D7AE37A21BF3F1E000946D6C /* Frameworks */ = {
			isa = PBXFrameworksBuildPhase;
			buildActionMask = 2147483647;
			files = (
			);
			runOnlyForDeploymentPostprocessing = 0;
		};
/* End PBXFrameworksBuildPhase section */

/* Begin PBXGroup section */
		D7AE379C1BF3F1E000946D6C = {
			isa = PBXGroup;
			children = (
				D7AE37A71BF3F1E000946D6C /* NavigationSample */,
				D7AE37A61BF3F1E000946D6C /* Products */,
			);
			sourceTree = "<group>";
		};
		D7AE37A61BF3F1E000946D6C /* Products */ = {
			isa = PBXGroup;
			children = (
				D7AE37A51BF3F1E000946D6C /* NavigationSample.app */,
			);
			name = Products;
			sourceTree = "<group>";
		};
		D7AE37A71BF3F1E000946D6C /* NavigationSample */ = {
			isa = PBXGroup;
			children = (
				D7AE37AB1BF3F1E000946D6C /* AppDelegate.h */,
				D7AE37AC1BF3F1E000946D6C /* AppDelegate.m */,
				D7AE37B41BF3F1E000946D6C /* Assets.xcassets */,
				D7AE37B61BF3F1E000946D6C /* LaunchScreen.storyboard */,
				D7AE37B91BF3F1E000946D6C /* Info.plist */,
				D7AE37A81BF3F1E000946D6C /* Supporting Files */,
				D7AE37CA1BF4D87500946D6C /* FirstView */,
				D7AE37C91BF3F31C00946D6C /* SecondView */,
			);
			path = NavigationSample;
			sourceTree = "<group>";
		};
		D7AE37A81BF3F1E000946D6C /* Supporting Files */ = {
			isa = PBXGroup;
			children = (
				D7AE37A91BF3F1E000946D6C /* main.m */,
			);
			name = "Supporting Files";
			sourceTree = "<group>";
		};
		D7AE37C91BF3F31C00946D6C /* SecondView */ = {
			isa = PBXGroup;
			children = (
				D7AE37C61BF3F31500946D6C /* SecondViewController.xib */,
				D7AE37C41BF3F31500946D6C /* SecondViewController.h */,
				D7AE37C51BF3F31500946D6C /* SecondViewController.m */,
			);
			name = SecondView;
			sourceTree = "<group>";
		};
		D7AE37CA1BF4D87500946D6C /* FirstView */ = {
			isa = PBXGroup;
			children = (
				D7AE37C11BF3F2B000946D6C /* FirstViewController.xib */,
				D7AE37BF1BF3F2B000946D6C /* FirstViewController.h */,
				D7AE37C01BF3F2B000946D6C /* FirstViewController.m */,
			);
			name = FirstView;
			sourceTree = "<group>";
		};
/* End PBXGroup section */

/* Begin PBXNativeTarget section */
		D7AE37A41BF3F1E000946D6C /* NavigationSample */ = {
			isa = PBXNativeTarget;
			buildConfigurationList = D7AE37BC1BF3F1E000946D6C /* Build configuration list for PBXNativeTarget "NavigationSample" */;
			buildPhases = (
				D7AE37A11BF3F1E000946D6C /* Sources */,
				D7AE37A21BF3F1E000946D6C /* Frameworks */,
				D7AE37A31BF3F1E000946D6C /* Resources */,
			);
			buildRules = (
			);
			dependencies = (
			);
			name = NavigationSample;
			productName = NavigationSample;
			productReference = D7AE37A51BF3F1E000946D6C /* NavigationSample.app */;
			productType = "com.apple.product-type.application";
		};
/* End PBXNativeTarget section */

/* Begin PBXProject section */
		D7AE379D1BF3F1E000946D6C /* Project object */ = {
			isa = PBXProject;
			attributes = {
				LastUpgradeCheck = 0710;
				ORGANIZATIONNAME = SijiaDavis;
				TargetAttributes = {
					D7AE37A41BF3F1E000946D6C = {
						CreatedOnToolsVersion = 7.1.1;
					};
				};
			};
			buildConfigurationList = D7AE37A01BF3F1E000946D6C /* Build configuration list for PBXProject "NavigationSample" */;
			compatibilityVersion = "Xcode 3.2";
			developmentRegion = English;
			hasScannedForEncodings = 0;
			knownRegions = (
				en,
				Base,
			);
			mainGroup = D7AE379C1BF3F1E000946D6C;
			productRefGroup = D7AE37A61BF3F1E000946D6C /* Products */;
			projectDirPath = "";
			projectRoot = "";
			targets = (
				D7AE37A41BF3F1E000946D6C /* NavigationSample */,
			);
		};
/* End PBXProject section */

/* Begin PBXResourcesBuildPhase section */
		D7AE37A31BF3F1E000946D6C /* Resources */ = {
			isa = PBXResourcesBuildPhase;
			buildActionMask = 2147483647;
			files = (
				D7AE37C81BF3F31500946D6C /* SecondViewController.xib in Resources */,
				D7AE37B81BF3F1E000946D6C /* LaunchScreen.storyboard in Resources */,
				D7AE37C31BF3F2B000946D6C /* FirstViewController.xib in Resources */,
				D7AE37B51BF3F1E000946D6C /* Assets.xcassets in Resources */,
			);
			runOnlyForDeploymentPostprocessing = 0;
		};
/* End PBXResourcesBuildPhase section */

/* Begin PBXSourcesBuildPhase section */
		D7AE37A11BF3F1E000946D6C /* Sources */ = {
			isa = PBXSourcesBuildPhase;
			buildActionMask = 2147483647;
			files = (
				D7AE37C71BF3F31500946D6C /* SecondViewController.m in Sources */,
				D7AE37AD1BF3F1E000946D6C /* AppDelegate.m in Sources */,
				D7AE37C21BF3F2B000946D6C /* FirstViewController.m in Sources */,
				D7AE37AA1BF3F1E000946D6C /* main.m in Sources */,
			);
			runOnlyForDeploymentPostprocessing = 0;
		};
/* End PBXSourcesBuildPhase section */

/* Begin PBXVariantGroup section */
		D7AE37B61BF3F1E000946D6C /* LaunchScreen.storyboard */ = {
			isa = PBXVariantGroup;
			children = (
				D7AE37B71BF3F1E000946D6C /* Base */,
			);
			name = LaunchScreen.storyboard;
			sourceTree = "<group>";
		};
/* End PBXVariantGroup section */

/* Begin XCBuildConfiguration section */
		D7AE37BA1BF3F1E000946D6C /* Debug */ = {
			isa = XCBuildConfiguration;
			buildSettings = {
				ALWAYS_SEARCH_USER_PATHS = NO;
				CLANG_CXX_LANGUAGE_STANDARD = "gnu++0x";
				CLANG_CXX_LIBRARY = "libc++";
				CLANG_ENABLE_MODULES = YES;
				CLANG_ENABLE_OBJC_ARC = YES;
				CLANG_WARN_BOOL_CONVERSION = YES;
				CLANG_WARN_CONSTANT_CONVERSION = YES;
				CLANG_WARN_DIRECT_OBJC_ISA_USAGE = YES_ERROR;
				CLANG_WARN_EMPTY_BODY = YES;
				CLANG_WARN_ENUM_CONVERSION = YES;
				CLANG_WARN_INT_CONVERSION = YES;
				CLANG_WARN_OBJC_ROOT_CLASS = YES_ERROR;
				CLANG_WARN_UNREACHABLE_CODE = YES;
				CLANG_WARN__DUPLICATE_METHOD_MATCH = YES;
				"CODE_SIGN_IDENTITY[sdk=iphoneos*]" = "iPhone Developer";
				COPY_PHASE_STRIP = NO;
				DEBUG_INFORMATION_FORMAT = dwarf;
				ENABLE_STRICT_OBJC_MSGSEND = YES;
				ENABLE_TESTABILITY = YES;
				GCC_C_LANGUAGE_STANDARD = gnu99;
				GCC_DYNAMIC_NO_PIC = NO;
				GCC_NO_COMMON_BLOCKS = YES;
				GCC_OPTIMIZATION_LEVEL = 0;
				GCC_PREPROCESSOR_DEFINITIONS = (
					"DEBUG=1",
					"$(inherited)",
				);
				GCC_WARN_64_TO_32_BIT_CONVERSION = YES;
				GCC_WARN_ABOUT_RETURN_TYPE = YES_ERROR;
				GCC_WARN_UNDECLARED_SELECTOR = YES;
				GCC_WARN_UNINITIALIZED_AUTOS = YES_AGGRESSIVE;
				GCC_WARN_UNUSED_FUNCTION = YES;
				GCC_WARN_UNUSED_VARIABLE = YES;
				IPHONEOS_DEPLOYMENT_TARGET = 9.1;
				MTL_ENABLE_DEBUG_INFO = YES;
				ONLY_ACTIVE_ARCH = YES;
				SDKROOT = iphoneos;
			};
			name = Debug;
		};
		D7AE37BB1BF3F1E000946D6C /* Release */ = {
			isa = XCBuildConfiguration;
			buildSettings = {
				ALWAYS_SEARCH_USER_PATHS = NO;
				CLANG_CXX_LANGUAGE_STANDARD = "gnu++0x";
				CLANG_CXX_LIBRARY = "libc++";
				CLANG_ENABLE_MODULES = YES;
				CLANG_ENABLE_OBJC_ARC = YES;
				CLANG_WARN_BOOL_CONVERSION = YES;
				CLANG_WARN_CONSTANT_CONVERSION = YES;
				CLANG_WARN_DIRECT_OBJC_ISA_USAGE = YES_ERROR;
				CLANG_WARN_EMPTY_BODY = YES;
				CLANG_WARN_ENUM_CONVERSION = YES;
				CLANG_WARN_INT_CONVERSION = YES;
				CLANG_WARN_OBJC_ROOT_CLASS = YES_ERROR;
				CLANG_WARN_UNREACHABLE_CODE = YES;
				CLANG_WARN__DUPLICATE_METHOD_MATCH = YES;
				"CODE_SIGN_IDENTITY[sdk=iphoneos*]" = "iPhone Developer";
				COPY_PHASE_STRIP = NO;
				DEBUG_INFORMATION_FORMAT = "dwarf-with-dsym";
				ENABLE_NS_ASSERTIONS = NO;
				ENABLE_STRICT_OBJC_MSGSEND = YES;
				GCC_C_LANGUAGE_STANDARD = gnu99;
				GCC_NO_COMMON_BLOCKS = YES;
				GCC_WARN_64_TO_32_BIT_CONVERSION = YES;
				GCC_WARN_ABOUT_RETURN_TYPE = YES_ERROR;
				GCC_WARN_UNDECLARED_SELECTOR = YES;
				GCC_WARN_UNINITIALIZED_AUTOS = YES_AGGRESSIVE;
				GCC_WARN_UNUSED_FUNCTION = YES;
				GCC_WARN_UNUSED_VARIABLE = YES;
				IPHONEOS_DEPLOYMENT_TARGET = 9.1;
				MTL_ENABLE_DEBUG_INFO = NO;
				SDKROOT = iphoneos;
				VALIDATE_PRODUCT = YES;
			};
			name = Release;
		};
		D7AE37BD1BF3F1E000946D6C /* Debug */ = {
			isa = XCBuildConfiguration;
			buildSettings = {
				ASSETCATALOG_COMPILER_APPICON_NAME = AppIcon;
				INFOPLIST_FILE = NavigationSample/Info.plist;
				LD_RUNPATH_SEARCH_PATHS = "$(inherited) @executable_path/Frameworks";
				PRODUCT_BUNDLE_IDENTIFIER = com.sijiadavis.NavigationSample;
				PRODUCT_NAME = "$(TARGET_NAME)";
			};
			name = Debug;
		};
		D7AE37BE1BF3F1E000946D6C /* Release */ = {
			isa = XCBuildConfiguration;
			buildSettings = {
				ASSETCATALOG_COMPILER_APPICON_NAME = AppIcon;
				INFOPLIST_FILE = NavigationSample/Info.plist;
				LD_RUNPATH_SEARCH_PATHS = "$(inherited) @executable_path/Frameworks";
				PRODUCT_BUNDLE_IDENTIFIER = com.sijiadavis.NavigationSample;
				PRODUCT_NAME = "$(TARGET_NAME)";
			};
			name = Release;
		};
/* End XCBuildConfiguration section */

/* Begin XCConfigurationList section */
		D7AE37A01BF3F1E000946D6C /* Build configuration list for PBXProject "NavigationSample" */ = {
			isa = XCConfigurationList;
			buildConfigurations = (
				D7AE37BA1BF3F1E000946D6C /* Debug */,
				D7AE37BB1BF3F1E000946D6C /* Release */,
			);
			defaultConfigurationIsVisible = 0;
			defaultConfigurationName = Release;
		};
		D7AE37BC1BF3F1E000946D6C /* Build configuration list for PBXNativeTarget "NavigationSample" */ = {
			isa = XCConfigurationList;
			buildConfigurations = (
				D7AE37BD1BF3F1E000946D6C /* Debug */,
				D7AE37BE1BF3F1E000946D6C /* Release */,
			);
			defaultConfigurationIsVisible = 0;
		};
/* End XCConfigurationList section */
	};
	rootObject = D7AE379D1BF3F1E000946D6C /* Project object */;
}
