// !$*UTF8*$!
{
	archiveVersion = 1;
	classes = {
	};
	objectVersion = 46;
	objects = {

/* Begin PBXBuildFile section */
		D7EB63A11C4EC4B300C4F259 /* AppDelegate.swift in Sources */ = {isa = PBXBuildFile; fileRef = D7EB63A01C4EC4B300C4F259 /* AppDelegate.swift */; };
		D7EB63A31C4EC4B300C4F259 /* ViewController.swift in Sources */ = {isa = PBXBuildFile; fileRef = D7EB63A21C4EC4B300C4F259 /* ViewController.swift */; };
		D7EB63A61C4EC4B300C4F259 /* Main.storyboard in Resources */ = {isa = PBXBuildFile; fileRef = D7EB63A41C4EC4B300C4F259 /* Main.storyboard */; };
		D7EB63A91C4EC4B300C4F259 /* Memorable_Places.xcdatamodeld in Sources */ = {isa = PBXBuildFile; fileRef = D7EB63A71C4EC4B300C4F259 /* Memorable_Places.xcdatamodeld */; };
		D7EB63AB1C4EC4B300C4F259 /* Assets.xcassets in Resources */ = {isa = PBXBuildFile; fileRef = D7EB63AA1C4EC4B300C4F259 /* Assets.xcassets */; };
		D7EB63AE1C4EC4B300C4F259 /* LaunchScreen.storyboard in Resources */ = {isa = PBXBuildFile; fileRef = D7EB63AC1C4EC4B300C4F259 /* LaunchScreen.storyboard */; };
		D7EB63B91C4EC4B300C4F259 /* Memorable_PlacesTests.swift in Sources */ = {isa = PBXBuildFile; fileRef = D7EB63B81C4EC4B300C4F259 /* Memorable_PlacesTests.swift */; };
		D7EB63C41C4EC4B300C4F259 /* Memorable_PlacesUITests.swift in Sources */ = {isa = PBXBuildFile; fileRef = D7EB63C31C4EC4B300C4F259 /* Memorable_PlacesUITests.swift */; };
		D7EB63D21C4ECA9200C4F259 /* TableViewController.swift in Sources */ = {isa = PBXBuildFile; fileRef = D7EB63D11C4ECA9200C4F259 /* TableViewController.swift */; };
		D7EB63D41C4ECD5300C4F259 /* CoreLocation.framework in Frameworks */ = {isa = PBXBuildFile; fileRef = D7EB63D31C4ECD5300C4F259 /* CoreLocation.framework */; };
/* End PBXBuildFile section */

/* Begin PBXContainerItemProxy section */
		D7EB63B51C4EC4B300C4F259 /* PBXContainerItemProxy */ = {
			isa = PBXContainerItemProxy;
			containerPortal = D7EB63951C4EC4B300C4F259 /* Project object */;
			proxyType = 1;
			remoteGlobalIDString = D7EB639C1C4EC4B300C4F259;
			remoteInfo = "Memorable Places";
		};
		D7EB63C01C4EC4B300C4F259 /* PBXContainerItemProxy */ = {
			isa = PBXContainerItemProxy;
			containerPortal = D7EB63951C4EC4B300C4F259 /* Project object */;
			proxyType = 1;
			remoteGlobalIDString = D7EB639C1C4EC4B300C4F259;
			remoteInfo = "Memorable Places";
		};
/* End PBXContainerItemProxy section */

/* Begin PBXFileReference section */
		D7EB639D1C4EC4B300C4F259 /* Memorable Places.app */ = {isa = PBXFileReference; explicitFileType = wrapper.application; includeInIndex = 0; path = "Memorable Places.app"; sourceTree = BUILT_PRODUCTS_DIR; };
		D7EB63A01C4EC4B300C4F259 /* AppDelegate.swift */ = {isa = PBXFileReference; lastKnownFileType = sourcecode.swift; path = AppDelegate.swift; sourceTree = "<group>"; };
		D7EB63A21C4EC4B300C4F259 /* ViewController.swift */ = {isa = PBXFileReference; lastKnownFileType = sourcecode.swift; path = ViewController.swift; sourceTree = "<group>"; };
		D7EB63A51C4EC4B300C4F259 /* Base */ = {isa = PBXFileReference; lastKnownFileType = file.storyboard; name = Base; path = Base.lproj/Main.storyboard; sourceTree = "<group>"; };
		D7EB63A81C4EC4B300C4F259 /* Memorable_Places.xcdatamodel */ = {isa = PBXFileReference; lastKnownFileType = wrapper.xcdatamodel; path = Memorable_Places.xcdatamodel; sourceTree = "<group>"; };
		D7EB63AA1C4EC4B300C4F259 /* Assets.xcassets */ = {isa = PBXFileReference; lastKnownFileType = folder.assetcatalog; path = Assets.xcassets; sourceTree = "<group>"; };
		D7EB63AD1C4EC4B300C4F259 /* Base */ = {isa = PBXFileReference; lastKnownFileType = file.storyboard; name = Base; path = Base.lproj/LaunchScreen.storyboard; sourceTree = "<group>"; };
		D7EB63AF1C4EC4B300C4F259 /* Info.plist */ = {isa = PBXFileReference; lastKnownFileType = text.plist.xml; path = Info.plist; sourceTree = "<group>"; };
		D7EB63B41C4EC4B300C4F259 /* Memorable PlacesTests.xctest */ = {isa = PBXFileReference; explicitFileType = wrapper.cfbundle; includeInIndex = 0; path = "Memorable PlacesTests.xctest"; sourceTree = BUILT_PRODUCTS_DIR; };
		D7EB63B81C4EC4B300C4F259 /* Memorable_PlacesTests.swift */ = {isa = PBXFileReference; lastKnownFileType = sourcecode.swift; path = Memorable_PlacesTests.swift; sourceTree = "<group>"; };
		D7EB63BA1C4EC4B300C4F259 /* Info.plist */ = {isa = PBXFileReference; lastKnownFileType = text.plist.xml; path = Info.plist; sourceTree = "<group>"; };
		D7EB63BF1C4EC4B300C4F259 /* Memorable PlacesUITests.xctest */ = {isa = PBXFileReference; explicitFileType = wrapper.cfbundle; includeInIndex = 0; path = "Memorable PlacesUITests.xctest"; sourceTree = BUILT_PRODUCTS_DIR; };
		D7EB63C31C4EC4B300C4F259 /* Memorable_PlacesUITests.swift */ = {isa = PBXFileReference; lastKnownFileType = sourcecode.swift; path = Memorable_PlacesUITests.swift; sourceTree = "<group>"; };
		D7EB63C51C4EC4B300C4F259 /* Info.plist */ = {isa = PBXFileReference; lastKnownFileType = text.plist.xml; path = Info.plist; sourceTree = "<group>"; };
		D7EB63D11C4ECA9200C4F259 /* TableViewController.swift */ = {isa = PBXFileReference; fileEncoding = 4; lastKnownFileType = sourcecode.swift; path = TableViewController.swift; sourceTree = "<group>"; };
		D7EB63D31C4ECD5300C4F259 /* CoreLocation.framework */ = {isa = PBXFileReference; lastKnownFileType = wrapper.framework; name = CoreLocation.framework; path = System/Library/Frameworks/CoreLocation.framework; sourceTree = SDKROOT; };
/* End PBXFileReference section */

/* Begin PBXFrameworksBuildPhase section */
		D7EB639A1C4EC4B300C4F259 /* Frameworks */ = {
			isa = PBXFrameworksBuildPhase;
			buildActionMask = 2147483647;
			files = (
				D7EB63D41C4ECD5300C4F259 /* CoreLocation.framework in Frameworks */,
			);
			runOnlyForDeploymentPostprocessing = 0;
		};
		D7EB63B11C4EC4B300C4F259 /* Frameworks */ = {
			isa = PBXFrameworksBuildPhase;
			buildActionMask = 2147483647;
			files = (
			);
			runOnlyForDeploymentPostprocessing = 0;
		};
		D7EB63BC1C4EC4B300C4F259 /* Frameworks */ = {
			isa = PBXFrameworksBuildPhase;
			buildActionMask = 2147483647;
			files = (
			);
			runOnlyForDeploymentPostprocessing = 0;
		};
/* End PBXFrameworksBuildPhase section */

/* Begin PBXGroup section */
		D7EB63941C4EC4B300C4F259 = {
			isa = PBXGroup;
			children = (
				D7EB63D31C4ECD5300C4F259 /* CoreLocation.framework */,
				D7EB639F1C4EC4B300C4F259 /* Memorable Places */,
				D7EB63B71C4EC4B300C4F259 /* Memorable PlacesTests */,
				D7EB63C21C4EC4B300C4F259 /* Memorable PlacesUITests */,
				D7EB639E1C4EC4B300C4F259 /* Products */,
			);
			sourceTree = "<group>";
		};
		D7EB639E1C4EC4B300C4F259 /* Products */ = {
			isa = PBXGroup;
			children = (
				D7EB639D1C4EC4B300C4F259 /* Memorable Places.app */,
				D7EB63B41C4EC4B300C4F259 /* Memorable PlacesTests.xctest */,
				D7EB63BF1C4EC4B300C4F259 /* Memorable PlacesUITests.xctest */,
			);
			name = Products;
			sourceTree = "<group>";
		};
		D7EB639F1C4EC4B300C4F259 /* Memorable Places */ = {
			isa = PBXGroup;
			children = (
				D7EB63A01C4EC4B300C4F259 /* AppDelegate.swift */,
				D7EB63A21C4EC4B300C4F259 /* ViewController.swift */,
				D7EB63A41C4EC4B300C4F259 /* Main.storyboard */,
				D7EB63AA1C4EC4B300C4F259 /* Assets.xcassets */,
				D7EB63AC1C4EC4B300C4F259 /* LaunchScreen.storyboard */,
				D7EB63AF1C4EC4B300C4F259 /* Info.plist */,
				D7EB63A71C4EC4B300C4F259 /* Memorable_Places.xcdatamodeld */,
				D7EB63D11C4ECA9200C4F259 /* TableViewController.swift */,
			);
			path = "Memorable Places";
			sourceTree = "<group>";
		};
		D7EB63B71C4EC4B300C4F259 /* Memorable PlacesTests */ = {
			isa = PBXGroup;
			children = (
				D7EB63B81C4EC4B300C4F259 /* Memorable_PlacesTests.swift */,
				D7EB63BA1C4EC4B300C4F259 /* Info.plist */,
			);
			path = "Memorable PlacesTests";
			sourceTree = "<group>";
		};
		D7EB63C21C4EC4B300C4F259 /* Memorable PlacesUITests */ = {
			isa = PBXGroup;
			children = (
				D7EB63C31C4EC4B300C4F259 /* Memorable_PlacesUITests.swift */,
				D7EB63C51C4EC4B300C4F259 /* Info.plist */,
			);
			path = "Memorable PlacesUITests";
			sourceTree = "<group>";
		};
/* End PBXGroup section */

/* Begin PBXNativeTarget section */
		D7EB639C1C4EC4B300C4F259 /* Memorable Places */ = {
			isa = PBXNativeTarget;
			buildConfigurationList = D7EB63C81C4EC4B300C4F259 /* Build configuration list for PBXNativeTarget "Memorable Places" */;
			buildPhases = (
				D7EB63991C4EC4B300C4F259 /* Sources */,
				D7EB639A1C4EC4B300C4F259 /* Frameworks */,
				D7EB639B1C4EC4B300C4F259 /* Resources */,
			);
			buildRules = (
			);
			dependencies = (
			);
			name = "Memorable Places";
			productName = "Memorable Places";
			productReference = D7EB639D1C4EC4B300C4F259 /* Memorable Places.app */;
			productType = "com.apple.product-type.application";
		};
		D7EB63B31C4EC4B300C4F259 /* Memorable PlacesTests */ = {
			isa = PBXNativeTarget;
			buildConfigurationList = D7EB63CB1C4EC4B300C4F259 /* Build configuration list for PBXNativeTarget "Memorable PlacesTests" */;
			buildPhases = (
				D7EB63B01C4EC4B300C4F259 /* Sources */,
				D7EB63B11C4EC4B300C4F259 /* Frameworks */,
				D7EB63B21C4EC4B300C4F259 /* Resources */,
			);
			buildRules = (
			);
			dependencies = (
				D7EB63B61C4EC4B300C4F259 /* PBXTargetDependency */,
			);
			name = "Memorable PlacesTests";
			productName = "Memorable PlacesTests";
			productReference = D7EB63B41C4EC4B300C4F259 /* Memorable PlacesTests.xctest */;
			productType = "com.apple.product-type.bundle.unit-test";
		};
		D7EB63BE1C4EC4B300C4F259 /* Memorable PlacesUITests */ = {
			isa = PBXNativeTarget;
			buildConfigurationList = D7EB63CE1C4EC4B300C4F259 /* Build configuration list for PBXNativeTarget "Memorable PlacesUITests" */;
			buildPhases = (
				D7EB63BB1C4EC4B300C4F259 /* Sources */,
				D7EB63BC1C4EC4B300C4F259 /* Frameworks */,
				D7EB63BD1C4EC4B300C4F259 /* Resources */,
			);
			buildRules = (
			);
			dependencies = (
				D7EB63C11C4EC4B300C4F259 /* PBXTargetDependency */,
			);
			name = "Memorable PlacesUITests";
			productName = "Memorable PlacesUITests";
			productReference = D7EB63BF1C4EC4B300C4F259 /* Memorable PlacesUITests.xctest */;
			productType = "com.apple.product-type.bundle.ui-testing";
		};
/* End PBXNativeTarget section */

/* Begin PBXProject section */
		D7EB63951C4EC4B300C4F259 /* Project object */ = {
			isa = PBXProject;
			attributes = {
				LastSwiftUpdateCheck = 0720;
				LastUpgradeCheck = 0720;
				ORGANIZATIONNAME = SijiaDavis;
				TargetAttributes = {
					D7EB639C1C4EC4B300C4F259 = {
						CreatedOnToolsVersion = 7.2;
					};
					D7EB63B31C4EC4B300C4F259 = {
						CreatedOnToolsVersion = 7.2;
						TestTargetID = D7EB639C1C4EC4B300C4F259;
					};
					D7EB63BE1C4EC4B300C4F259 = {
						CreatedOnToolsVersion = 7.2;
						TestTargetID = D7EB639C1C4EC4B300C4F259;
					};
				};
			};
			buildConfigurationList = D7EB63981C4EC4B300C4F259 /* Build configuration list for PBXProject "Memorable Places" */;
			compatibilityVersion = "Xcode 3.2";
			developmentRegion = English;
			hasScannedForEncodings = 0;
			knownRegions = (
				en,
				Base,
			);
			mainGroup = D7EB63941C4EC4B300C4F259;
			productRefGroup = D7EB639E1C4EC4B300C4F259 /* Products */;
			projectDirPath = "";
			projectRoot = "";
			targets = (
				D7EB639C1C4EC4B300C4F259 /* Memorable Places */,
				D7EB63B31C4EC4B300C4F259 /* Memorable PlacesTests */,
				D7EB63BE1C4EC4B300C4F259 /* Memorable PlacesUITests */,
			);
		};
/* End PBXProject section */

/* Begin PBXResourcesBuildPhase section */
		D7EB639B1C4EC4B300C4F259 /* Resources */ = {
			isa = PBXResourcesBuildPhase;
			buildActionMask = 2147483647;
			files = (
				D7EB63AE1C4EC4B300C4F259 /* LaunchScreen.storyboard in Resources */,
				D7EB63AB1C4EC4B300C4F259 /* Assets.xcassets in Resources */,
				D7EB63A61C4EC4B300C4F259 /* Main.storyboard in Resources */,
			);
			runOnlyForDeploymentPostprocessing = 0;
		};
		D7EB63B21C4EC4B300C4F259 /* Resources */ = {
			isa = PBXResourcesBuildPhase;
			buildActionMask = 2147483647;
			files = (
			);
			runOnlyForDeploymentPostprocessing = 0;
		};
		D7EB63BD1C4EC4B300C4F259 /* Resources */ = {
			isa = PBXResourcesBuildPhase;
			buildActionMask = 2147483647;
			files = (
			);
			runOnlyForDeploymentPostprocessing = 0;
		};
/* End PBXResourcesBuildPhase section */

/* Begin PBXSourcesBuildPhase section */
		D7EB63991C4EC4B300C4F259 /* Sources */ = {
			isa = PBXSourcesBuildPhase;
			buildActionMask = 2147483647;
			files = (
				D7EB63A31C4EC4B300C4F259 /* ViewController.swift in Sources */,
				D7EB63A91C4EC4B300C4F259 /* Memorable_Places.xcdatamodeld in Sources */,
				D7EB63A11C4EC4B300C4F259 /* AppDelegate.swift in Sources */,
				D7EB63D21C4ECA9200C4F259 /* TableViewController.swift in Sources */,
			);
			runOnlyForDeploymentPostprocessing = 0;
		};
		D7EB63B01C4EC4B300C4F259 /* Sources */ = {
			isa = PBXSourcesBuildPhase;
			buildActionMask = 2147483647;
			files = (
				D7EB63B91C4EC4B300C4F259 /* Memorable_PlacesTests.swift in Sources */,
			);
			runOnlyForDeploymentPostprocessing = 0;
		};
		D7EB63BB1C4EC4B300C4F259 /* Sources */ = {
			isa = PBXSourcesBuildPhase;
			buildActionMask = 2147483647;
			files = (
				D7EB63C41C4EC4B300C4F259 /* Memorable_PlacesUITests.swift in Sources */,
			);
			runOnlyForDeploymentPostprocessing = 0;
		};
/* End PBXSourcesBuildPhase section */

/* Begin PBXTargetDependency section */
		D7EB63B61C4EC4B300C4F259 /* PBXTargetDependency */ = {
			isa = PBXTargetDependency;
			target = D7EB639C1C4EC4B300C4F259 /* Memorable Places */;
			targetProxy = D7EB63B51C4EC4B300C4F259 /* PBXContainerItemProxy */;
		};
		D7EB63C11C4EC4B300C4F259 /* PBXTargetDependency */ = {
			isa = PBXTargetDependency;
			target = D7EB639C1C4EC4B300C4F259 /* Memorable Places */;
			targetProxy = D7EB63C01C4EC4B300C4F259 /* PBXContainerItemProxy */;
		};
/* End PBXTargetDependency section */

/* Begin PBXVariantGroup section */
		D7EB63A41C4EC4B300C4F259 /* Main.storyboard */ = {
			isa = PBXVariantGroup;
			children = (
				D7EB63A51C4EC4B300C4F259 /* Base */,
			);
			name = Main.storyboard;
			sourceTree = "<group>";
		};
		D7EB63AC1C4EC4B300C4F259 /* LaunchScreen.storyboard */ = {
			isa = PBXVariantGroup;
			children = (
				D7EB63AD1C4EC4B300C4F259 /* Base */,
			);
			name = LaunchScreen.storyboard;
			sourceTree = "<group>";
		};
/* End PBXVariantGroup section */

/* Begin XCBuildConfiguration section */
		D7EB63C61C4EC4B300C4F259 /* Debug */ = {
			isa = XCBuildConfiguration;
			buildSettings = {
				ALWAYS_SEARCH_USER_PATHS = NO;
				CLANG_CXX_LANGUAGE_STANDARD = "gnu++0x";
				CLANG_CXX_LIBRARY = "libc++";
				CLANG_ENABLE_MODULES = YES;
				CLANG_ENABLE_OBJC_ARC = YES;
				CLANG_WARN_BOOL_CONVERSION = YES;
				CLANG_WARN_CONSTANT_CONVERSION = YES;
				CLANG_WARN_DIRECT_OBJC_ISA_USAGE = YES_ERROR;
				CLANG_WARN_EMPTY_BODY = YES;
				CLANG_WARN_ENUM_CONVERSION = YES;
				CLANG_WARN_INT_CONVERSION = YES;
				CLANG_WARN_OBJC_ROOT_CLASS = YES_ERROR;
				CLANG_WARN_UNREACHABLE_CODE = YES;
				CLANG_WARN__DUPLICATE_METHOD_MATCH = YES;
				"CODE_SIGN_IDENTITY[sdk=iphoneos*]" = "iPhone Developer";
				COPY_PHASE_STRIP = NO;
				DEBUG_INFORMATION_FORMAT = dwarf;
				ENABLE_STRICT_OBJC_MSGSEND = YES;
				ENABLE_TESTABILITY = YES;
				GCC_C_LANGUAGE_STANDARD = gnu99;
				GCC_DYNAMIC_NO_PIC = NO;
				GCC_NO_COMMON_BLOCKS = YES;
				GCC_OPTIMIZATION_LEVEL = 0;
				GCC_PREPROCESSOR_DEFINITIONS = (
					"DEBUG=1",
					"$(inherited)",
				);
				GCC_WARN_64_TO_32_BIT_CONVERSION = YES;
				GCC_WARN_ABOUT_RETURN_TYPE = YES_ERROR;
				GCC_WARN_UNDECLARED_SELECTOR = YES;
				GCC_WARN_UNINITIALIZED_AUTOS = YES_AGGRESSIVE;
				GCC_WARN_UNUSED_FUNCTION = YES;
				GCC_WARN_UNUSED_VARIABLE = YES;
				IPHONEOS_DEPLOYMENT_TARGET = 9.2;
				MTL_ENABLE_DEBUG_INFO = YES;
				ONLY_ACTIVE_ARCH = YES;
				SDKROOT = iphoneos;
				SWIFT_OPTIMIZATION_LEVEL = "-Onone";
			};
			name = Debug;
		};
		D7EB63C71C4EC4B300C4F259 /* Release */ = {
			isa = XCBuildConfiguration;
			buildSettings = {
				ALWAYS_SEARCH_USER_PATHS = NO;
				CLANG_CXX_LANGUAGE_STANDARD = "gnu++0x";
				CLANG_CXX_LIBRARY = "libc++";
				CLANG_ENABLE_MODULES = YES;
				CLANG_ENABLE_OBJC_ARC = YES;
				CLANG_WARN_BOOL_CONVERSION = YES;
				CLANG_WARN_CONSTANT_CONVERSION = YES;
				CLANG_WARN_DIRECT_OBJC_ISA_USAGE = YES_ERROR;
				CLANG_WARN_EMPTY_BODY = YES;
				CLANG_WARN_ENUM_CONVERSION = YES;
				CLANG_WARN_INT_CONVERSION = YES;
				CLANG_WARN_OBJC_ROOT_CLASS = YES_ERROR;
				CLANG_WARN_UNREACHABLE_CODE = YES;
				CLANG_WARN__DUPLICATE_METHOD_MATCH = YES;
				"CODE_SIGN_IDENTITY[sdk=iphoneos*]" = "iPhone Developer";
				COPY_PHASE_STRIP = NO;
				DEBUG_INFORMATION_FORMAT = "dwarf-with-dsym";
				ENABLE_NS_ASSERTIONS = NO;
				ENABLE_STRICT_OBJC_MSGSEND = YES;
				GCC_C_LANGUAGE_STANDARD = gnu99;
				GCC_NO_COMMON_BLOCKS = YES;
				GCC_WARN_64_TO_32_BIT_CONVERSION = YES;
				GCC_WARN_ABOUT_RETURN_TYPE = YES_ERROR;
				GCC_WARN_UNDECLARED_SELECTOR = YES;
				GCC_WARN_UNINITIALIZED_AUTOS = YES_AGGRESSIVE;
				GCC_WARN_UNUSED_FUNCTION = YES;
				GCC_WARN_UNUSED_VARIABLE = YES;
				IPHONEOS_DEPLOYMENT_TARGET = 9.2;
				MTL_ENABLE_DEBUG_INFO = NO;
				SDKROOT = iphoneos;
				VALIDATE_PRODUCT = YES;
			};
			name = Release;
		};
		D7EB63C91C4EC4B300C4F259 /* Debug */ = {
			isa = XCBuildConfiguration;
			buildSettings = {
				ASSETCATALOG_COMPILER_APPICON_NAME = AppIcon;
				INFOPLIST_FILE = "Memorable Places/Info.plist";
				LD_RUNPATH_SEARCH_PATHS = "$(inherited) @executable_path/Frameworks";
				PRODUCT_BUNDLE_IDENTIFIER = "com.groupehn.Memorable-Places";
				PRODUCT_NAME = "$(TARGET_NAME)";
			};
			name = Debug;
		};
		D7EB63CA1C4EC4B300C4F259 /* Release */ = {
			isa = XCBuildConfiguration;
			buildSettings = {
				ASSETCATALOG_COMPILER_APPICON_NAME = AppIcon;
				INFOPLIST_FILE = "Memorable Places/Info.plist";
				LD_RUNPATH_SEARCH_PATHS = "$(inherited) @executable_path/Frameworks";
				PRODUCT_BUNDLE_IDENTIFIER = "com.groupehn.Memorable-Places";
				PRODUCT_NAME = "$(TARGET_NAME)";
			};
			name = Release;
		};
		D7EB63CC1C4EC4B300C4F259 /* Debug */ = {
			isa = XCBuildConfiguration;
			buildSettings = {
				BUNDLE_LOADER = "$(TEST_HOST)";
				INFOPLIST_FILE = "Memorable PlacesTests/Info.plist";
				LD_RUNPATH_SEARCH_PATHS = "$(inherited) @executable_path/Frameworks @loader_path/Frameworks";
				PRODUCT_BUNDLE_IDENTIFIER = "com.groupehn.Memorable-PlacesTests";
				PRODUCT_NAME = "$(TARGET_NAME)";
				TEST_HOST = "$(BUILT_PRODUCTS_DIR)/Memorable Places.app/Memorable Places";
			};
			name = Debug;
		};
		D7EB63CD1C4EC4B300C4F259 /* Release */ = {
			isa = XCBuildConfiguration;
			buildSettings = {
				BUNDLE_LOADER = "$(TEST_HOST)";
				INFOPLIST_FILE = "Memorable PlacesTests/Info.plist";
				LD_RUNPATH_SEARCH_PATHS = "$(inherited) @executable_path/Frameworks @loader_path/Frameworks";
				PRODUCT_BUNDLE_IDENTIFIER = "com.groupehn.Memorable-PlacesTests";
				PRODUCT_NAME = "$(TARGET_NAME)";
				TEST_HOST = "$(BUILT_PRODUCTS_DIR)/Memorable Places.app/Memorable Places";
			};
			name = Release;
		};
		D7EB63CF1C4EC4B300C4F259 /* Debug */ = {
			isa = XCBuildConfiguration;
			buildSettings = {
				INFOPLIST_FILE = "Memorable PlacesUITests/Info.plist";
				LD_RUNPATH_SEARCH_PATHS = "$(inherited) @executable_path/Frameworks @loader_path/Frameworks";
				PRODUCT_BUNDLE_IDENTIFIER = "com.groupehn.Memorable-PlacesUITests";
				PRODUCT_NAME = "$(TARGET_NAME)";
				TEST_TARGET_NAME = "Memorable Places";
				USES_XCTRUNNER = YES;
			};
			name = Debug;
		};
		D7EB63D01C4EC4B300C4F259 /* Release */ = {
			isa = XCBuildConfiguration;
			buildSettings = {
				INFOPLIST_FILE = "Memorable PlacesUITests/Info.plist";
				LD_RUNPATH_SEARCH_PATHS = "$(inherited) @executable_path/Frameworks @loader_path/Frameworks";
				PRODUCT_BUNDLE_IDENTIFIER = "com.groupehn.Memorable-PlacesUITests";
				PRODUCT_NAME = "$(TARGET_NAME)";
				TEST_TARGET_NAME = "Memorable Places";
				USES_XCTRUNNER = YES;
			};
			name = Release;
		};
/* End XCBuildConfiguration section */

/* Begin XCConfigurationList section */
		D7EB63981C4EC4B300C4F259 /* Build configuration list for PBXProject "Memorable Places" */ = {
			isa = XCConfigurationList;
			buildConfigurations = (
				D7EB63C61C4EC4B300C4F259 /* Debug */,
				D7EB63C71C4EC4B300C4F259 /* Release */,
			);
			defaultConfigurationIsVisible = 0;
			defaultConfigurationName = Release;
		};
		D7EB63C81C4EC4B300C4F259 /* Build configuration list for PBXNativeTarget "Memorable Places" */ = {
			isa = XCConfigurationList;
			buildConfigurations = (
				D7EB63C91C4EC4B300C4F259 /* Debug */,
				D7EB63CA1C4EC4B300C4F259 /* Release */,
			);
			defaultConfigurationIsVisible = 0;
		};
		D7EB63CB1C4EC4B300C4F259 /* Build configuration list for PBXNativeTarget "Memorable PlacesTests" */ = {
			isa = XCConfigurationList;
			buildConfigurations = (
				D7EB63CC1C4EC4B300C4F259 /* Debug */,
				D7EB63CD1C4EC4B300C4F259 /* Release */,
			);
			defaultConfigurationIsVisible = 0;
		};
		D7EB63CE1C4EC4B300C4F259 /* Build configuration list for PBXNativeTarget "Memorable PlacesUITests" */ = {
			isa = XCConfigurationList;
			buildConfigurations = (
				D7EB63CF1C4EC4B300C4F259 /* Debug */,
				D7EB63D01C4EC4B300C4F259 /* Release */,
			);
			defaultConfigurationIsVisible = 0;
		};
/* End XCConfigurationList section */

/* Begin XCVersionGroup section */
		D7EB63A71C4EC4B300C4F259 /* Memorable_Places.xcdatamodeld */ = {
			isa = XCVersionGroup;
			children = (
				D7EB63A81C4EC4B300C4F259 /* Memorable_Places.xcdatamodel */,
			);
			currentVersion = D7EB63A81C4EC4B300C4F259 /* Memorable_Places.xcdatamodel */;
			path = Memorable_Places.xcdatamodeld;
			sourceTree = "<group>";
			versionGroupType = wrapper.xcdatamodel;
		};
/* End XCVersionGroup section */
	};
	rootObject = D7EB63951C4EC4B300C4F259 /* Project object */;
}
