// !$*UTF8*$!
{
	archiveVersion = 1;
	classes = {
	};
	objectVersion = 46;
	objects = {

/* Begin PBXBuildFile section */
		D7EB64A81C4FFE2100C4F259 /* AppDelegate.swift in Sources */ = {isa = PBXBuildFile; fileRef = D7EB64A71C4FFE2100C4F259 /* AppDelegate.swift */; };
		D7EB64AA1C4FFE2100C4F259 /* ViewController.swift in Sources */ = {isa = PBXBuildFile; fileRef = D7EB64A91C4FFE2100C4F259 /* ViewController.swift */; };
		D7EB64AD1C4FFE2100C4F259 /* Main.storyboard in Resources */ = {isa = PBXBuildFile; fileRef = D7EB64AB1C4FFE2100C4F259 /* Main.storyboard */; };
		D7EB64B01C4FFE2100C4F259 /* Core_Data_Demo.xcdatamodeld in Sources */ = {isa = PBXBuildFile; fileRef = D7EB64AE1C4FFE2100C4F259 /* Core_Data_Demo.xcdatamodeld */; };
		D7EB64B21C4FFE2100C4F259 /* Assets.xcassets in Resources */ = {isa = PBXBuildFile; fileRef = D7EB64B11C4FFE2100C4F259 /* Assets.xcassets */; };
		D7EB64B51C4FFE2100C4F259 /* LaunchScreen.storyboard in Resources */ = {isa = PBXBuildFile; fileRef = D7EB64B31C4FFE2100C4F259 /* LaunchScreen.storyboard */; };
		D7EB64C01C4FFE2100C4F259 /* Core_Data_DemoTests.swift in Sources */ = {isa = PBXBuildFile; fileRef = D7EB64BF1C4FFE2100C4F259 /* Core_Data_DemoTests.swift */; };
		D7EB64CB1C4FFE2100C4F259 /* Core_Data_DemoUITests.swift in Sources */ = {isa = PBXBuildFile; fileRef = D7EB64CA1C4FFE2100C4F259 /* Core_Data_DemoUITests.swift */; };
/* End PBXBuildFile section */

/* Begin PBXContainerItemProxy section */
		D7EB64BC1C4FFE2100C4F259 /* PBXContainerItemProxy */ = {
			isa = PBXContainerItemProxy;
			containerPortal = D7EB649C1C4FFE2100C4F259 /* Project object */;
			proxyType = 1;
			remoteGlobalIDString = D7EB64A31C4FFE2100C4F259;
			remoteInfo = "Core Data Demo";
		};
		D7EB64C71C4FFE2100C4F259 /* PBXContainerItemProxy */ = {
			isa = PBXContainerItemProxy;
			containerPortal = D7EB649C1C4FFE2100C4F259 /* Project object */;
			proxyType = 1;
			remoteGlobalIDString = D7EB64A31C4FFE2100C4F259;
			remoteInfo = "Core Data Demo";
		};
/* End PBXContainerItemProxy section */

/* Begin PBXFileReference section */
		D7EB64A41C4FFE2100C4F259 /* Core Data Demo.app */ = {isa = PBXFileReference; explicitFileType = wrapper.application; includeInIndex = 0; path = "Core Data Demo.app"; sourceTree = BUILT_PRODUCTS_DIR; };
		D7EB64A71C4FFE2100C4F259 /* AppDelegate.swift */ = {isa = PBXFileReference; lastKnownFileType = sourcecode.swift; path = AppDelegate.swift; sourceTree = "<group>"; };
		D7EB64A91C4FFE2100C4F259 /* ViewController.swift */ = {isa = PBXFileReference; lastKnownFileType = sourcecode.swift; path = ViewController.swift; sourceTree = "<group>"; };
		D7EB64AC1C4FFE2100C4F259 /* Base */ = {isa = PBXFileReference; lastKnownFileType = file.storyboard; name = Base; path = Base.lproj/Main.storyboard; sourceTree = "<group>"; };
		D7EB64AF1C4FFE2100C4F259 /* Core_Data_Demo.xcdatamodel */ = {isa = PBXFileReference; lastKnownFileType = wrapper.xcdatamodel; path = Core_Data_Demo.xcdatamodel; sourceTree = "<group>"; };
		D7EB64B11C4FFE2100C4F259 /* Assets.xcassets */ = {isa = PBXFileReference; lastKnownFileType = folder.assetcatalog; path = Assets.xcassets; sourceTree = "<group>"; };
		D7EB64B41C4FFE2100C4F259 /* Base */ = {isa = PBXFileReference; lastKnownFileType = file.storyboard; name = Base; path = Base.lproj/LaunchScreen.storyboard; sourceTree = "<group>"; };
		D7EB64B61C4FFE2100C4F259 /* Info.plist */ = {isa = PBXFileReference; lastKnownFileType = text.plist.xml; path = Info.plist; sourceTree = "<group>"; };
		D7EB64BB1C4FFE2100C4F259 /* Core Data DemoTests.xctest */ = {isa = PBXFileReference; explicitFileType = wrapper.cfbundle; includeInIndex = 0; path = "Core Data DemoTests.xctest"; sourceTree = BUILT_PRODUCTS_DIR; };
		D7EB64BF1C4FFE2100C4F259 /* Core_Data_DemoTests.swift */ = {isa = PBXFileReference; lastKnownFileType = sourcecode.swift; path = Core_Data_DemoTests.swift; sourceTree = "<group>"; };
		D7EB64C11C4FFE2100C4F259 /* Info.plist */ = {isa = PBXFileReference; lastKnownFileType = text.plist.xml; path = Info.plist; sourceTree = "<group>"; };
		D7EB64C61C4FFE2100C4F259 /* Core Data DemoUITests.xctest */ = {isa = PBXFileReference; explicitFileType = wrapper.cfbundle; includeInIndex = 0; path = "Core Data DemoUITests.xctest"; sourceTree = BUILT_PRODUCTS_DIR; };
		D7EB64CA1C4FFE2100C4F259 /* Core_Data_DemoUITests.swift */ = {isa = PBXFileReference; lastKnownFileType = sourcecode.swift; path = Core_Data_DemoUITests.swift; sourceTree = "<group>"; };
		D7EB64CC1C4FFE2100C4F259 /* Info.plist */ = {isa = PBXFileReference; lastKnownFileType = text.plist.xml; path = Info.plist; sourceTree = "<group>"; };
/* End PBXFileReference section */

/* Begin PBXFrameworksBuildPhase section */
		D7EB64A11C4FFE2100C4F259 /* Frameworks */ = {
			isa = PBXFrameworksBuildPhase;
			buildActionMask = 2147483647;
			files = (
			);
			runOnlyForDeploymentPostprocessing = 0;
		};
		D7EB64B81C4FFE2100C4F259 /* Frameworks */ = {
			isa = PBXFrameworksBuildPhase;
			buildActionMask = 2147483647;
			files = (
			);
			runOnlyForDeploymentPostprocessing = 0;
		};
		D7EB64C31C4FFE2100C4F259 /* Frameworks */ = {
			isa = PBXFrameworksBuildPhase;
			buildActionMask = 2147483647;
			files = (
			);
			runOnlyForDeploymentPostprocessing = 0;
		};
/* End PBXFrameworksBuildPhase section */

/* Begin PBXGroup section */
		D7EB649B1C4FFE2100C4F259 = {
			isa = PBXGroup;
			children = (
				D7EB64A61C4FFE2100C4F259 /* Core Data Demo */,
				D7EB64BE1C4FFE2100C4F259 /* Core Data DemoTests */,
				D7EB64C91C4FFE2100C4F259 /* Core Data DemoUITests */,
				D7EB64A51C4FFE2100C4F259 /* Products */,
			);
			sourceTree = "<group>";
		};
		D7EB64A51C4FFE2100C4F259 /* Products */ = {
			isa = PBXGroup;
			children = (
				D7EB64A41C4FFE2100C4F259 /* Core Data Demo.app */,
				D7EB64BB1C4FFE2100C4F259 /* Core Data DemoTests.xctest */,
				D7EB64C61C4FFE2100C4F259 /* Core Data DemoUITests.xctest */,
			);
			name = Products;
			sourceTree = "<group>";
		};
		D7EB64A61C4FFE2100C4F259 /* Core Data Demo */ = {
			isa = PBXGroup;
			children = (
				D7EB64A71C4FFE2100C4F259 /* AppDelegate.swift */,
				D7EB64A91C4FFE2100C4F259 /* ViewController.swift */,
				D7EB64AB1C4FFE2100C4F259 /* Main.storyboard */,
				D7EB64B11C4FFE2100C4F259 /* Assets.xcassets */,
				D7EB64B31C4FFE2100C4F259 /* LaunchScreen.storyboard */,
				D7EB64B61C4FFE2100C4F259 /* Info.plist */,
				D7EB64AE1C4FFE2100C4F259 /* Core_Data_Demo.xcdatamodeld */,
			);
			path = "Core Data Demo";
			sourceTree = "<group>";
		};
		D7EB64BE1C4FFE2100C4F259 /* Core Data DemoTests */ = {
			isa = PBXGroup;
			children = (
				D7EB64BF1C4FFE2100C4F259 /* Core_Data_DemoTests.swift */,
				D7EB64C11C4FFE2100C4F259 /* Info.plist */,
			);
			path = "Core Data DemoTests";
			sourceTree = "<group>";
		};
		D7EB64C91C4FFE2100C4F259 /* Core Data DemoUITests */ = {
			isa = PBXGroup;
			children = (
				D7EB64CA1C4FFE2100C4F259 /* Core_Data_DemoUITests.swift */,
				D7EB64CC1C4FFE2100C4F259 /* Info.plist */,
			);
			path = "Core Data DemoUITests";
			sourceTree = "<group>";
		};
/* End PBXGroup section */

/* Begin PBXNativeTarget section */
		D7EB64A31C4FFE2100C4F259 /* Core Data Demo */ = {
			isa = PBXNativeTarget;
			buildConfigurationList = D7EB64CF1C4FFE2100C4F259 /* Build configuration list for PBXNativeTarget "Core Data Demo" */;
			buildPhases = (
				D7EB64A01C4FFE2100C4F259 /* Sources */,
				D7EB64A11C4FFE2100C4F259 /* Frameworks */,
				D7EB64A21C4FFE2100C4F259 /* Resources */,
			);
			buildRules = (
			);
			dependencies = (
			);
			name = "Core Data Demo";
			productName = "Core Data Demo";
			productReference = D7EB64A41C4FFE2100C4F259 /* Core Data Demo.app */;
			productType = "com.apple.product-type.application";
		};
		D7EB64BA1C4FFE2100C4F259 /* Core Data DemoTests */ = {
			isa = PBXNativeTarget;
			buildConfigurationList = D7EB64D21C4FFE2100C4F259 /* Build configuration list for PBXNativeTarget "Core Data DemoTests" */;
			buildPhases = (
				D7EB64B71C4FFE2100C4F259 /* Sources */,
				D7EB64B81C4FFE2100C4F259 /* Frameworks */,
				D7EB64B91C4FFE2100C4F259 /* Resources */,
			);
			buildRules = (
			);
			dependencies = (
				D7EB64BD1C4FFE2100C4F259 /* PBXTargetDependency */,
			);
			name = "Core Data DemoTests";
			productName = "Core Data DemoTests";
			productReference = D7EB64BB1C4FFE2100C4F259 /* Core Data DemoTests.xctest */;
			productType = "com.apple.product-type.bundle.unit-test";
		};
		D7EB64C51C4FFE2100C4F259 /* Core Data DemoUITests */ = {
			isa = PBXNativeTarget;
			buildConfigurationList = D7EB64D51C4FFE2100C4F259 /* Build configuration list for PBXNativeTarget "Core Data DemoUITests" */;
			buildPhases = (
				D7EB64C21C4FFE2100C4F259 /* Sources */,
				D7EB64C31C4FFE2100C4F259 /* Frameworks */,
				D7EB64C41C4FFE2100C4F259 /* Resources */,
			);
			buildRules = (
			);
			dependencies = (
				D7EB64C81C4FFE2100C4F259 /* PBXTargetDependency */,
			);
			name = "Core Data DemoUITests";
			productName = "Core Data DemoUITests";
			productReference = D7EB64C61C4FFE2100C4F259 /* Core Data DemoUITests.xctest */;
			productType = "com.apple.product-type.bundle.ui-testing";
		};
/* End PBXNativeTarget section */

/* Begin PBXProject section */
		D7EB649C1C4FFE2100C4F259 /* Project object */ = {
			isa = PBXProject;
			attributes = {
				LastSwiftUpdateCheck = 0720;
				LastUpgradeCheck = 0720;
				ORGANIZATIONNAME = SijiaDavis;
				TargetAttributes = {
					D7EB64A31C4FFE2100C4F259 = {
						CreatedOnToolsVersion = 7.2;
					};
					D7EB64BA1C4FFE2100C4F259 = {
						CreatedOnToolsVersion = 7.2;
						TestTargetID = D7EB64A31C4FFE2100C4F259;
					};
					D7EB64C51C4FFE2100C4F259 = {
						CreatedOnToolsVersion = 7.2;
						TestTargetID = D7EB64A31C4FFE2100C4F259;
					};
				};
			};
			buildConfigurationList = D7EB649F1C4FFE2100C4F259 /* Build configuration list for PBXProject "Core Data Demo" */;
			compatibilityVersion = "Xcode 3.2";
			developmentRegion = English;
			hasScannedForEncodings = 0;
			knownRegions = (
				en,
				Base,
			);
			mainGroup = D7EB649B1C4FFE2100C4F259;
			productRefGroup = D7EB64A51C4FFE2100C4F259 /* Products */;
			projectDirPath = "";
			projectRoot = "";
			targets = (
				D7EB64A31C4FFE2100C4F259 /* Core Data Demo */,
				D7EB64BA1C4FFE2100C4F259 /* Core Data DemoTests */,
				D7EB64C51C4FFE2100C4F259 /* Core Data DemoUITests */,
			);
		};
/* End PBXProject section */

/* Begin PBXResourcesBuildPhase section */
		D7EB64A21C4FFE2100C4F259 /* Resources */ = {
			isa = PBXResourcesBuildPhase;
			buildActionMask = 2147483647;
			files = (
				D7EB64B51C4FFE2100C4F259 /* LaunchScreen.storyboard in Resources */,
				D7EB64B21C4FFE2100C4F259 /* Assets.xcassets in Resources */,
				D7EB64AD1C4FFE2100C4F259 /* Main.storyboard in Resources */,
			);
			runOnlyForDeploymentPostprocessing = 0;
		};
		D7EB64B91C4FFE2100C4F259 /* Resources */ = {
			isa = PBXResourcesBuildPhase;
			buildActionMask = 2147483647;
			files = (
			);
			runOnlyForDeploymentPostprocessing = 0;
		};
		D7EB64C41C4FFE2100C4F259 /* Resources */ = {
			isa = PBXResourcesBuildPhase;
			buildActionMask = 2147483647;
			files = (
			);
			runOnlyForDeploymentPostprocessing = 0;
		};
/* End PBXResourcesBuildPhase section */

/* Begin PBXSourcesBuildPhase section */
		D7EB64A01C4FFE2100C4F259 /* Sources */ = {
			isa = PBXSourcesBuildPhase;
			buildActionMask = 2147483647;
			files = (
				D7EB64AA1C4FFE2100C4F259 /* ViewController.swift in Sources */,
				D7EB64B01C4FFE2100C4F259 /* Core_Data_Demo.xcdatamodeld in Sources */,
				D7EB64A81C4FFE2100C4F259 /* AppDelegate.swift in Sources */,
			);
			runOnlyForDeploymentPostprocessing = 0;
		};
		D7EB64B71C4FFE2100C4F259 /* Sources */ = {
			isa = PBXSourcesBuildPhase;
			buildActionMask = 2147483647;
			files = (
				D7EB64C01C4FFE2100C4F259 /* Core_Data_DemoTests.swift in Sources */,
			);
			runOnlyForDeploymentPostprocessing = 0;
		};
		D7EB64C21C4FFE2100C4F259 /* Sources */ = {
			isa = PBXSourcesBuildPhase;
			buildActionMask = 2147483647;
			files = (
				D7EB64CB1C4FFE2100C4F259 /* Core_Data_DemoUITests.swift in Sources */,
			);
			runOnlyForDeploymentPostprocessing = 0;
		};
/* End PBXSourcesBuildPhase section */

/* Begin PBXTargetDependency section */
		D7EB64BD1C4FFE2100C4F259 /* PBXTargetDependency */ = {
			isa = PBXTargetDependency;
			target = D7EB64A31C4FFE2100C4F259 /* Core Data Demo */;
			targetProxy = D7EB64BC1C4FFE2100C4F259 /* PBXContainerItemProxy */;
		};
		D7EB64C81C4FFE2100C4F259 /* PBXTargetDependency */ = {
			isa = PBXTargetDependency;
			target = D7EB64A31C4FFE2100C4F259 /* Core Data Demo */;
			targetProxy = D7EB64C71C4FFE2100C4F259 /* PBXContainerItemProxy */;
		};
/* End PBXTargetDependency section */

/* Begin PBXVariantGroup section */
		D7EB64AB1C4FFE2100C4F259 /* Main.storyboard */ = {
			isa = PBXVariantGroup;
			children = (
				D7EB64AC1C4FFE2100C4F259 /* Base */,
			);
			name = Main.storyboard;
			sourceTree = "<group>";
		};
		D7EB64B31C4FFE2100C4F259 /* LaunchScreen.storyboard */ = {
			isa = PBXVariantGroup;
			children = (
				D7EB64B41C4FFE2100C4F259 /* Base */,
			);
			name = LaunchScreen.storyboard;
			sourceTree = "<group>";
		};
/* End PBXVariantGroup section */

/* Begin XCBuildConfiguration section */
		D7EB64CD1C4FFE2100C4F259 /* Debug */ = {
			isa = XCBuildConfiguration;
			buildSettings = {
				ALWAYS_SEARCH_USER_PATHS = NO;
				CLANG_CXX_LANGUAGE_STANDARD = "gnu++0x";
				CLANG_CXX_LIBRARY = "libc++";
				CLANG_ENABLE_MODULES = YES;
				CLANG_ENABLE_OBJC_ARC = YES;
				CLANG_WARN_BOOL_CONVERSION = YES;
				CLANG_WARN_CONSTANT_CONVERSION = YES;
				CLANG_WARN_DIRECT_OBJC_ISA_USAGE = YES_ERROR;
				CLANG_WARN_EMPTY_BODY = YES;
				CLANG_WARN_ENUM_CONVERSION = YES;
				CLANG_WARN_INT_CONVERSION = YES;
				CLANG_WARN_OBJC_ROOT_CLASS = YES_ERROR;
				CLANG_WARN_UNREACHABLE_CODE = YES;
				CLANG_WARN__DUPLICATE_METHOD_MATCH = YES;
				"CODE_SIGN_IDENTITY[sdk=iphoneos*]" = "iPhone Developer";
				COPY_PHASE_STRIP = NO;
				DEBUG_INFORMATION_FORMAT = dwarf;
				ENABLE_STRICT_OBJC_MSGSEND = YES;
				ENABLE_TESTABILITY = YES;
				GCC_C_LANGUAGE_STANDARD = gnu99;
				GCC_DYNAMIC_NO_PIC = NO;
				GCC_NO_COMMON_BLOCKS = YES;
				GCC_OPTIMIZATION_LEVEL = 0;
				GCC_PREPROCESSOR_DEFINITIONS = (
					"DEBUG=1",
					"$(inherited)",
				);
				GCC_WARN_64_TO_32_BIT_CONVERSION = YES;
				GCC_WARN_ABOUT_RETURN_TYPE = YES_ERROR;
				GCC_WARN_UNDECLARED_SELECTOR = YES;
				GCC_WARN_UNINITIALIZED_AUTOS = YES_AGGRESSIVE;
				GCC_WARN_UNUSED_FUNCTION = YES;
				GCC_WARN_UNUSED_VARIABLE = YES;
				IPHONEOS_DEPLOYMENT_TARGET = 9.2;
				MTL_ENABLE_DEBUG_INFO = YES;
				ONLY_ACTIVE_ARCH = YES;
				SDKROOT = iphoneos;
				SWIFT_OPTIMIZATION_LEVEL = "-Onone";
			};
			name = Debug;
		};
		D7EB64CE1C4FFE2100C4F259 /* Release */ = {
			isa = XCBuildConfiguration;
			buildSettings = {
				ALWAYS_SEARCH_USER_PATHS = NO;
				CLANG_CXX_LANGUAGE_STANDARD = "gnu++0x";
				CLANG_CXX_LIBRARY = "libc++";
				CLANG_ENABLE_MODULES = YES;
				CLANG_ENABLE_OBJC_ARC = YES;
				CLANG_WARN_BOOL_CONVERSION = YES;
				CLANG_WARN_CONSTANT_CONVERSION = YES;
				CLANG_WARN_DIRECT_OBJC_ISA_USAGE = YES_ERROR;
				CLANG_WARN_EMPTY_BODY = YES;
				CLANG_WARN_ENUM_CONVERSION = YES;
				CLANG_WARN_INT_CONVERSION = YES;
				CLANG_WARN_OBJC_ROOT_CLASS = YES_ERROR;
				CLANG_WARN_UNREACHABLE_CODE = YES;
				CLANG_WARN__DUPLICATE_METHOD_MATCH = YES;
				"CODE_SIGN_IDENTITY[sdk=iphoneos*]" = "iPhone Developer";
				COPY_PHASE_STRIP = NO;
				DEBUG_INFORMATION_FORMAT = "dwarf-with-dsym";
				ENABLE_NS_ASSERTIONS = NO;
				ENABLE_STRICT_OBJC_MSGSEND = YES;
				GCC_C_LANGUAGE_STANDARD = gnu99;
				GCC_NO_COMMON_BLOCKS = YES;
				GCC_WARN_64_TO_32_BIT_CONVERSION = YES;
				GCC_WARN_ABOUT_RETURN_TYPE = YES_ERROR;
				GCC_WARN_UNDECLARED_SELECTOR = YES;
				GCC_WARN_UNINITIALIZED_AUTOS = YES_AGGRESSIVE;
				GCC_WARN_UNUSED_FUNCTION = YES;
				GCC_WARN_UNUSED_VARIABLE = YES;
				IPHONEOS_DEPLOYMENT_TARGET = 9.2;
				MTL_ENABLE_DEBUG_INFO = NO;
				SDKROOT = iphoneos;
				VALIDATE_PRODUCT = YES;
			};
			name = Release;
		};
		D7EB64D01C4FFE2100C4F259 /* Debug */ = {
			isa = XCBuildConfiguration;
			buildSettings = {
				ASSETCATALOG_COMPILER_APPICON_NAME = AppIcon;
				INFOPLIST_FILE = "Core Data Demo/Info.plist";
				LD_RUNPATH_SEARCH_PATHS = "$(inherited) @executable_path/Frameworks";
				PRODUCT_BUNDLE_IDENTIFIER = "com.groupehn.Core-Data-Demo";
				PRODUCT_NAME = "$(TARGET_NAME)";
			};
			name = Debug;
		};
		D7EB64D11C4FFE2100C4F259 /* Release */ = {
			isa = XCBuildConfiguration;
			buildSettings = {
				ASSETCATALOG_COMPILER_APPICON_NAME = AppIcon;
				INFOPLIST_FILE = "Core Data Demo/Info.plist";
				LD_RUNPATH_SEARCH_PATHS = "$(inherited) @executable_path/Frameworks";
				PRODUCT_BUNDLE_IDENTIFIER = "com.groupehn.Core-Data-Demo";
				PRODUCT_NAME = "$(TARGET_NAME)";
			};
			name = Release;
		};
		D7EB64D31C4FFE2100C4F259 /* Debug */ = {
			isa = XCBuildConfiguration;
			buildSettings = {
				BUNDLE_LOADER = "$(TEST_HOST)";
				INFOPLIST_FILE = "Core Data DemoTests/Info.plist";
				LD_RUNPATH_SEARCH_PATHS = "$(inherited) @executable_path/Frameworks @loader_path/Frameworks";
				PRODUCT_BUNDLE_IDENTIFIER = "com.groupehn.Core-Data-DemoTests";
				PRODUCT_NAME = "$(TARGET_NAME)";
				TEST_HOST = "$(BUILT_PRODUCTS_DIR)/Core Data Demo.app/Core Data Demo";
			};
			name = Debug;
		};
		D7EB64D41C4FFE2100C4F259 /* Release */ = {
			isa = XCBuildConfiguration;
			buildSettings = {
				BUNDLE_LOADER = "$(TEST_HOST)";
				INFOPLIST_FILE = "Core Data DemoTests/Info.plist";
				LD_RUNPATH_SEARCH_PATHS = "$(inherited) @executable_path/Frameworks @loader_path/Frameworks";
				PRODUCT_BUNDLE_IDENTIFIER = "com.groupehn.Core-Data-DemoTests";
				PRODUCT_NAME = "$(TARGET_NAME)";
				TEST_HOST = "$(BUILT_PRODUCTS_DIR)/Core Data Demo.app/Core Data Demo";
			};
			name = Release;
		};
		D7EB64D61C4FFE2100C4F259 /* Debug */ = {
			isa = XCBuildConfiguration;
			buildSettings = {
				INFOPLIST_FILE = "Core Data DemoUITests/Info.plist";
				LD_RUNPATH_SEARCH_PATHS = "$(inherited) @executable_path/Frameworks @loader_path/Frameworks";
				PRODUCT_BUNDLE_IDENTIFIER = "com.groupehn.Core-Data-DemoUITests";
				PRODUCT_NAME = "$(TARGET_NAME)";
				TEST_TARGET_NAME = "Core Data Demo";
				USES_XCTRUNNER = YES;
			};
			name = Debug;
		};
		D7EB64D71C4FFE2100C4F259 /* Release */ = {
			isa = XCBuildConfiguration;
			buildSettings = {
				INFOPLIST_FILE = "Core Data DemoUITests/Info.plist";
				LD_RUNPATH_SEARCH_PATHS = "$(inherited) @executable_path/Frameworks @loader_path/Frameworks";
				PRODUCT_BUNDLE_IDENTIFIER = "com.groupehn.Core-Data-DemoUITests";
				PRODUCT_NAME = "$(TARGET_NAME)";
				TEST_TARGET_NAME = "Core Data Demo";
				USES_XCTRUNNER = YES;
			};
			name = Release;
		};
/* End XCBuildConfiguration section */

/* Begin XCConfigurationList section */
		D7EB649F1C4FFE2100C4F259 /* Build configuration list for PBXProject "Core Data Demo" */ = {
			isa = XCConfigurationList;
			buildConfigurations = (
				D7EB64CD1C4FFE2100C4F259 /* Debug */,
				D7EB64CE1C4FFE2100C4F259 /* Release */,
			);
			defaultConfigurationIsVisible = 0;
			defaultConfigurationName = Release;
		};
		D7EB64CF1C4FFE2100C4F259 /* Build configuration list for PBXNativeTarget "Core Data Demo" */ = {
			isa = XCConfigurationList;
			buildConfigurations = (
				D7EB64D01C4FFE2100C4F259 /* Debug */,
				D7EB64D11C4FFE2100C4F259 /* Release */,
			);
			defaultConfigurationIsVisible = 0;
		};
		D7EB64D21C4FFE2100C4F259 /* Build configuration list for PBXNativeTarget "Core Data DemoTests" */ = {
			isa = XCConfigurationList;
			buildConfigurations = (
				D7EB64D31C4FFE2100C4F259 /* Debug */,
				D7EB64D41C4FFE2100C4F259 /* Release */,
			);
			defaultConfigurationIsVisible = 0;
		};
		D7EB64D51C4FFE2100C4F259 /* Build configuration list for PBXNativeTarget "Core Data DemoUITests" */ = {
			isa = XCConfigurationList;
			buildConfigurations = (
				D7EB64D61C4FFE2100C4F259 /* Debug */,
				D7EB64D71C4FFE2100C4F259 /* Release */,
			);
			defaultConfigurationIsVisible = 0;
		};
/* End XCConfigurationList section */

/* Begin XCVersionGroup section */
		D7EB64AE1C4FFE2100C4F259 /* Core_Data_Demo.xcdatamodeld */ = {
			isa = XCVersionGroup;
			children = (
				D7EB64AF1C4FFE2100C4F259 /* Core_Data_Demo.xcdatamodel */,
			);
			currentVersion = D7EB64AF1C4FFE2100C4F259 /* Core_Data_Demo.xcdatamodel */;
			path = Core_Data_Demo.xcdatamodeld;
			sourceTree = "<group>";
			versionGroupType = wrapper.xcdatamodel;
		};
/* End XCVersionGroup section */
	};
	rootObject = D7EB649C1C4FFE2100C4F259 /* Project object */;
}
